
Microsoft Visual Studio Solution File, Format Version 12.00
# Visual Studio 15
Project("{FAE04EC0-301F-11D3-BF4B-00C04F79EFBC}") = "UnityEngine.UI", "UnityEngine.UI.csproj", "{C9873771-EB61-EE07-2FA9-41D24673D26B}"
EndProject
Project("{FAE04EC0-301F-11D3-BF4B-00C04F79EFBC}") = "UnityEngine.TestRunner", "UnityEngine.TestRunner.csproj", "{08DC62D2-8E6D-B0E0-926E-F7B8B25F96EC}"
EndProject
Project("{FAE04EC0-301F-11D3-BF4B-00C04F79EFBC}") = "Unity.VisualScripting.Flow", "Unity.VisualScripting.Flow.csproj", "{46C8A3BF-54A5-573D-9DD1-47657D415A9A}"
EndProject
Project("{FAE04EC0-301F-11D3-BF4B-00C04F79EFBC}") = "Unity.InputSystem", "Unity.InputSystem.csproj", "{7555DCD6-02C2-E4A1-E2A7-AF808908C4B0}"
EndProject
Project("{FAE04EC0-301F-11D3-BF4B-00C04F79EFBC}") = "Unity.VisualScripting.State", "Unity.VisualScripting.State.csproj", "{7113DCD7-736C-03CA-2AE7-B505E9999EF5}"
EndProject
Project("{FAE04EC0-301F-11D3-BF4B-00C04F79EFBC}") = "Unity.VisualScripting.Core", "Unity.VisualScripting.Core.csproj", "{836DD647-F9F6-B727-0E94-5909B04C07F3}"
EndProject
Project("{FAE04EC0-301F-11D3-BF4B-00C04F79EFBC}") = "Unity.AI.Navigation", "Unity.AI.Navigation.csproj", "{CAFC1315-2B0A-9612-D83D-2F412D1AEA79}"
EndProject
Project("{FAE04EC0-301F-11D3-BF4B-00C04F79EFBC}") = "Unity.TextMeshPro", "Unity.TextMeshPro.csproj", "{80423E5A-4C72-C37C-DE65-907794B201FC}"
EndProject
Project("{FAE04EC0-301F-11D3-BF4B-00C04F79EFBC}") = "Cinemachine", "Cinemachine.csproj", "{720B045B-228D-1761-9209-77EFBDA70789}"
EndProject
Project("{FAE04EC0-301F-11D3-BF4B-00C04F79EFBC}") = "Unity.Timeline", "Unity.Timeline.csproj", "{5F028BBC-408C-69EA-D9BA-530A9DDF3CE1}"
EndProject
Project("{FAE04EC0-301F-11D3-BF4B-00C04F79EFBC}") = "Assembly-CSharp", "Assembly-CSharp.csproj", "{27AB3609-15DB-52E3-4D4E-5A489B4C4689}"
EndProject
Project("{FAE04EC0-301F-11D3-BF4B-00C04F79EFBC}") = "Unity.InputSystem.TestFramework", "Unity.InputSystem.TestFramework.csproj", "{DDAE152D-679E-63B3-1385-B32F9539FF6A}"
EndProject
Project("{FAE04EC0-301F-11D3-BF4B-00C04F79EFBC}") = "Unity.PlasticSCM.Editor", "Unity.PlasticSCM.Editor.csproj", "{30EC85CA-D9E8-088F-15DC-C3A342B4BD1D}"
EndProject
Project("{FAE04EC0-301F-11D3-BF4B-00C04F79EFBC}") = "Unity.VisualScripting.Core.Editor", "Unity.VisualScripting.Core.Editor.csproj", "{384D029E-9F2B-E77B-E464-9D391DEA3C8F}"
EndProject
Project("{FAE04EC0-301F-11D3-BF4B-00C04F79EFBC}") = "Unity.VisualScripting.Flow.Editor", "Unity.VisualScripting.Flow.Editor.csproj", "{DDA1FCD7-74FD-FFEF-35FF-9296BD1BEE82}"
EndProject
Project("{FAE04EC0-301F-11D3-BF4B-00C04F79EFBC}") = "Unity.VisualStudio.Editor", "Unity.VisualStudio.Editor.csproj", "{4DF1F3B9-8B47-77DF-F7B1-7C4B2971766A}"
EndProject
Project("{FAE04EC0-301F-11D3-BF4B-00C04F79EFBC}") = "Unity.Timeline.Editor", "Unity.Timeline.Editor.csproj", "{259E5B53-2F3D-4079-8FD3-00BB3C066713}"
EndProject
Project("{FAE04EC0-301F-11D3-BF4B-00C04F79EFBC}") = "com.unity.cinemachine.editor", "com.unity.cinemachine.editor.csproj", "{73C6A128-48E9-248C-D719-1C8EC8BEF23A}"
EndProject
Project("{FAE04EC0-301F-11D3-BF4B-00C04F79EFBC}") = "Unity.VisualScripting.State.Editor", "Unity.VisualScripting.State.Editor.csproj", "{AD99EAA9-1A82-AF6F-4BE9-B7D5AB2BAF4D}"
EndProject
Project("{FAE04EC0-301F-11D3-BF4B-00C04F79EFBC}") = "Unity.TextMeshPro.Editor", "Unity.TextMeshPro.Editor.csproj", "{13DC961B-EF3E-D730-7F56-298D4E24538F}"
EndProject
Project("{FAE04EC0-301F-11D3-BF4B-00C04F79EFBC}") = "Unity.VisualScripting.SettingsProvider.Editor", "Unity.VisualScripting.SettingsProvider.Editor.csproj", "{B42C9975-0FC6-1FEE-67C3-EA3DDFC0C64E}"
EndProject
Project("{FAE04EC0-301F-11D3-BF4B-00C04F79EFBC}") = "UnityEditor.TestRunner", "UnityEditor.TestRunner.csproj", "{B7BF1534-E128-6702-E485-81153C481D87}"
EndProject
Project("{FAE04EC0-301F-11D3-BF4B-00C04F79EFBC}") = "Unity.Rider.Editor", "Unity.Rider.Editor.csproj", "{287D2396-97EC-9ED4-0AC0-E818B2AB4AE7}"
EndProject
Project("{FAE04EC0-301F-11D3-BF4B-00C04F79EFBC}") = "Unity.AI.Navigation.Editor", "Unity.AI.Navigation.Editor.csproj", "{247EBF61-8156-20EC-8AD1-266C9D07E03F}"
EndProject
Project("{FAE04EC0-301F-11D3-BF4B-00C04F79EFBC}") = "Unity.VSCode.Editor", "Unity.VSCode.Editor.csproj", "{27954F00-F751-AE10-80F7-6DAF6C2D1CAC}"
EndProject
Project("{FAE04EC0-301F-11D3-BF4B-00C04F79EFBC}") = "Unity.AI.Navigation.Editor.ConversionSystem", "Unity.AI.Navigation.Editor.ConversionSystem.csproj", "{C31034C8-B962-3790-A87E-201F601AC360}"
EndProject
Project("{FAE04EC0-301F-11D3-BF4B-00C04F79EFBC}") = "UnityEditor.UI", "UnityEditor.UI.csproj", "{6EF58770-9C78-9B9F-0A3B-4FCE7ACA396F}"
EndProject
Project("{FAE04EC0-301F-11D3-BF4B-00C04F79EFBC}") = "Unity.CollabProxy.Editor", "Unity.CollabProxy.Editor.csproj", "{DC5AE9C2-3F37-D26D-0A1E-BE88D0C7E0DD}"
EndProject
Project("{FAE04EC0-301F-11D3-BF4B-00C04F79EFBC}") = "Unity.AI.Navigation.Updater", "Unity.AI.Navigation.Updater.csproj", "{A308E784-FDF8-7007-01D3-1EC82E53C5AA}"
EndProject
Project("{FAE04EC0-301F-11D3-BF4B-00C04F79EFBC}") = "Assembly-CSharp-Editor", "Assembly-CSharp-Editor.csproj", "{370322A7-A719-624F-301A-562657B3EFD1}"
EndProject
Project("{FAE04EC0-301F-11D3-BF4B-00C04F79EFBC}") = "Unity.VisualScripting.Shared.Editor", "Unity.VisualScripting.Shared.Editor.csproj", "{D1A69EBA-4735-137E-5406-672510AF36A9}"
EndProject
Project("{FAE04EC0-301F-11D3-BF4B-00C04F79EFBC}") = "UnityEngine.UI", "UnityEngine.UI.Player.csproj", "{FF405B5E-6893-4D7E-F9E9-B5BD53514072}"
EndProject
Project("{FAE04EC0-301F-11D3-BF4B-00C04F79EFBC}") = "UnityEngine.TestRunner", "UnityEngine.TestRunner.Player.csproj", "{11A9AAEE-A0D0-729F-9240-D25F1CFB2874}"
EndProject
Project("{FAE04EC0-301F-11D3-BF4B-00C04F79EFBC}") = "Unity.VisualScripting.Flow", "Unity.VisualScripting.Flow.Player.csproj", "{ED7FE6A5-2388-F56C-F7D5-91749CD83D0A}"
EndProject
Project("{FAE04EC0-301F-11D3-BF4B-00C04F79EFBC}") = "Unity.InputSystem", "Unity.InputSystem.Player.csproj", "{C581106A-0E47-B19A-0AC6-64AF4CCF7DDB}"
EndProject
Project("{FAE04EC0-301F-11D3-BF4B-00C04F79EFBC}") = "Unity.VisualScripting.State", "Unity.VisualScripting.State.Player.csproj", "{9F174934-165A-0B99-A449-EB83923346CA}"
EndProject
Project("{FAE04EC0-301F-11D3-BF4B-00C04F79EFBC}") = "Unity.VisualScripting.Core", "Unity.VisualScripting.Core.Player.csproj", "{9B12E17F-3FB2-D7E0-9B60-549FB89887B2}"
EndProject
Project("{FAE04EC0-301F-11D3-BF4B-00C04F79EFBC}") = "Unity.AI.Navigation", "Unity.AI.Navigation.Player.csproj", "{F3150217-6064-BACD-DE29-49648565CFC5}"
EndProject
Project("{FAE04EC0-301F-11D3-BF4B-00C04F79EFBC}") = "Unity.TextMeshPro", "Unity.TextMeshPro.Player.csproj", "{CCDBF7AB-2881-4E9E-08C0-73CD369923D5}"
EndProject
Project("{FAE04EC0-301F-11D3-BF4B-00C04F79EFBC}") = "Cinemachine", "Cinemachine.Player.csproj", "{7AB3881B-ECE1-B9D3-8AF0-BF95FFE8884D}"
EndProject
Project("{FAE04EC0-301F-11D3-BF4B-00C04F79EFBC}") = "Unity.Timeline", "Unity.Timeline.Player.csproj", "{1281883B-439C-7F5D-4F5F-3FD42354BEAE}"
EndProject
Project("{FAE04EC0-301F-11D3-BF4B-00C04F79EFBC}") = "Assembly-CSharp", "Assembly-CSharp.Player.csproj", "{53CD7EEF-7864-4ED4-A171-A8A9C18DE04B}"
EndProject
Project("{FAE04EC0-301F-11D3-BF4B-00C04F79EFBC}") = "Unity.InputSystem.TestFramework", "Unity.InputSystem.TestFramework.Player.csproj", "{EA945D58-7E58-2997-3680-60652D068D5B}"
EndProject
Global
	GlobalSection(SolutionConfigurationPlatforms) = preSolution
		Debug|Any CPU = Debug|Any CPU
		Release|Any CPU = Release|Any CPU
	EndGlobalSection
	GlobalSection(ProjectConfigurationPlatforms) = postSolution
		{C9873771-EB61-EE07-2FA9-41D24673D26B}.Debug|Any CPU.ActiveCfg = Debug|Any CPU
		{C9873771-EB61-EE07-2FA9-41D24673D26B}.Debug|Any CPU.Build.0 = Debug|Any CPU
		{C9873771-EB61-EE07-2FA9-41D24673D26B}.Release|Any CPU.ActiveCfg = Release|Any CPU
		{C9873771-EB61-EE07-2FA9-41D24673D26B}.Release|Any CPU.Build.0 = Release|Any CPU
		{08DC62D2-8E6D-B0E0-926E-F7B8B25F96EC}.Debug|Any CPU.ActiveCfg = Debug|Any CPU
		{08DC62D2-8E6D-B0E0-926E-F7B8B25F96EC}.Debug|Any CPU.Build.0 = Debug|Any CPU
		{08DC62D2-8E6D-B0E0-926E-F7B8B25F96EC}.Release|Any CPU.ActiveCfg = Release|Any CPU
		{08DC62D2-8E6D-B0E0-926E-F7B8B25F96EC}.Release|Any CPU.Build.0 = Release|Any CPU
		{46C8A3BF-54A5-573D-9DD1-47657D415A9A}.Debug|Any CPU.ActiveCfg = Debug|Any CPU
		{46C8A3BF-54A5-573D-9DD1-47657D415A9A}.Debug|Any CPU.Build.0 = Debug|Any CPU
		{46C8A3BF-54A5-573D-9DD1-47657D415A9A}.Release|Any CPU.ActiveCfg = Release|Any CPU
		{46C8A3BF-54A5-573D-9DD1-47657D415A9A}.Release|Any CPU.Build.0 = Release|Any CPU
		{7555DCD6-02C2-E4A1-E2A7-AF808908C4B0}.Debug|Any CPU.ActiveCfg = Debug|Any CPU
		{7555DCD6-02C2-E4A1-E2A7-AF808908C4B0}.Debug|Any CPU.Build.0 = Debug|Any CPU
		{7555DCD6-02C2-E4A1-E2A7-AF808908C4B0}.Release|Any CPU.ActiveCfg = Release|Any CPU
		{7555DCD6-02C2-E4A1-E2A7-AF808908C4B0}.Release|Any CPU.Build.0 = Release|Any CPU
		{7113DCD7-736C-03CA-2AE7-B505E9999EF5}.Debug|Any CPU.ActiveCfg = Debug|Any CPU
		{7113DCD7-736C-03CA-2AE7-B505E9999EF5}.Debug|Any CPU.Build.0 = Debug|Any CPU
		{7113DCD7-736C-03CA-2AE7-B505E9999EF5}.Release|Any CPU.ActiveCfg = Release|Any CPU
		{7113DCD7-736C-03CA-2AE7-B505E9999EF5}.Release|Any CPU.Build.0 = Release|Any CPU
		{836DD647-F9F6-B727-0E94-5909B04C07F3}.Debug|Any CPU.ActiveCfg = Debug|Any CPU
		{836DD647-F9F6-B727-0E94-5909B04C07F3}.Debug|Any CPU.Build.0 = Debug|Any CPU
		{836DD647-F9F6-B727-0E94-5909B04C07F3}.Release|Any CPU.ActiveCfg = Release|Any CPU
		{836DD647-F9F6-B727-0E94-5909B04C07F3}.Release|Any CPU.Build.0 = Release|Any CPU
		{CAFC1315-2B0A-9612-D83D-2F412D1AEA79}.Debug|Any CPU.ActiveCfg = Debug|Any CPU
		{CAFC1315-2B0A-9612-D83D-2F412D1AEA79}.Debug|Any CPU.Build.0 = Debug|Any CPU
		{CAFC1315-2B0A-9612-D83D-2F412D1AEA79}.Release|Any CPU.ActiveCfg = Release|Any CPU
		{CAFC1315-2B0A-9612-D83D-2F412D1AEA79}.Release|Any CPU.Build.0 = Release|Any CPU
		{80423E5A-4C72-C37C-DE65-907794B201FC}.Debug|Any CPU.ActiveCfg = Debug|Any CPU
		{80423E5A-4C72-C37C-DE65-907794B201FC}.Debug|Any CPU.Build.0 = Debug|Any CPU
		{80423E5A-4C72-C37C-DE65-907794B201FC}.Release|Any CPU.ActiveCfg = Release|Any CPU
		{80423E5A-4C72-C37C-DE65-907794B201FC}.Release|Any CPU.Build.0 = Release|Any CPU
		{720B045B-228D-1761-9209-77EFBDA70789}.Debug|Any CPU.ActiveCfg = Debug|Any CPU
		{720B045B-228D-1761-9209-77EFBDA70789}.Debug|Any CPU.Build.0 = Debug|Any CPU
		{720B045B-228D-1761-9209-77EFBDA70789}.Release|Any CPU.ActiveCfg = Release|Any CPU
		{720B045B-228D-1761-9209-77EFBDA70789}.Release|Any CPU.Build.0 = Release|Any CPU
		{5F028BBC-408C-69EA-D9BA-530A9DDF3CE1}.Debug|Any CPU.ActiveCfg = Debug|Any CPU
		{5F028BBC-408C-69EA-D9BA-530A9DDF3CE1}.Debug|Any CPU.Build.0 = Debug|Any CPU
		{5F028BBC-408C-69EA-D9BA-530A9DDF3CE1}.Release|Any CPU.ActiveCfg = Release|Any CPU
		{5F028BBC-408C-69EA-D9BA-530A9DDF3CE1}.Release|Any CPU.Build.0 = Release|Any CPU
		{27AB3609-15DB-52E3-4D4E-5A489B4C4689}.Debug|Any CPU.ActiveCfg = Debug|Any CPU
		{27AB3609-15DB-52E3-4D4E-5A489B4C4689}.Debug|Any CPU.Build.0 = Debug|Any CPU
		{27AB3609-15DB-52E3-4D4E-5A489B4C4689}.Release|Any CPU.ActiveCfg = Release|Any CPU
		{27AB3609-15DB-52E3-4D4E-5A489B4C4689}.Release|Any CPU.Build.0 = Release|Any CPU
		{DDAE152D-679E-63B3-1385-B32F9539FF6A}.Debug|Any CPU.ActiveCfg = Debug|Any CPU
		{DDAE152D-679E-63B3-1385-B32F9539FF6A}.Debug|Any CPU.Build.0 = Debug|Any CPU
		{DDAE152D-679E-63B3-1385-B32F9539FF6A}.Release|Any CPU.ActiveCfg = Release|Any CPU
		{DDAE152D-679E-63B3-1385-B32F9539FF6A}.Release|Any CPU.Build.0 = Release|Any CPU
		{30EC85CA-D9E8-088F-15DC-C3A342B4BD1D}.Debug|Any CPU.ActiveCfg = Debug|Any CPU
		{30EC85CA-D9E8-088F-15DC-C3A342B4BD1D}.Debug|Any CPU.Build.0 = Debug|Any CPU
		{30EC85CA-D9E8-088F-15DC-C3A342B4BD1D}.Release|Any CPU.ActiveCfg = Release|Any CPU
		{30EC85CA-D9E8-088F-15DC-C3A342B4BD1D}.Release|Any CPU.Build.0 = Release|Any CPU
		{384D029E-9F2B-E77B-E464-9D391DEA3C8F}.Debug|Any CPU.ActiveCfg = Debug|Any CPU
		{384D029E-9F2B-E77B-E464-9D391DEA3C8F}.Debug|Any CPU.Build.0 = Debug|Any CPU
		{384D029E-9F2B-E77B-E464-9D391DEA3C8F}.Release|Any CPU.ActiveCfg = Release|Any CPU
		{384D029E-9F2B-E77B-E464-9D391DEA3C8F}.Release|Any CPU.Build.0 = Release|Any CPU
		{DDA1FCD7-74FD-FFEF-35FF-9296BD1BEE82}.Debug|Any CPU.ActiveCfg = Debug|Any CPU
		{DDA1FCD7-74FD-FFEF-35FF-9296BD1BEE82}.Debug|Any CPU.Build.0 = Debug|Any CPU
		{DDA1FCD7-74FD-FFEF-35FF-9296BD1BEE82}.Release|Any CPU.ActiveCfg = Release|Any CPU
		{DDA1FCD7-74FD-FFEF-35FF-9296BD1BEE82}.Release|Any CPU.Build.0 = Release|Any CPU
		{4DF1F3B9-8B47-77DF-F7B1-7C4B2971766A}.Debug|Any CPU.ActiveCfg = Debug|Any CPU
		{4DF1F3B9-8B47-77DF-F7B1-7C4B2971766A}.Debug|Any CPU.Build.0 = Debug|Any CPU
		{4DF1F3B9-8B47-77DF-F7B1-7C4B2971766A}.Release|Any CPU.ActiveCfg = Release|Any CPU
		{4DF1F3B9-8B47-77DF-F7B1-7C4B2971766A}.Release|Any CPU.Build.0 = Release|Any CPU
		{259E5B53-2F3D-4079-8FD3-00BB3C066713}.Debug|Any CPU.ActiveCfg = Debug|Any CPU
		{259E5B53-2F3D-4079-8FD3-00BB3C066713}.Debug|Any CPU.Build.0 = Debug|Any CPU
		{259E5B53-2F3D-4079-8FD3-00BB3C066713}.Release|Any CPU.ActiveCfg = Release|Any CPU
		{259E5B53-2F3D-4079-8FD3-00BB3C066713}.Release|Any CPU.Build.0 = Release|Any CPU
		{73C6A128-48E9-248C-D719-1C8EC8BEF23A}.Debug|Any CPU.ActiveCfg = Debug|Any CPU
		{73C6A128-48E9-248C-D719-1C8EC8BEF23A}.Debug|Any CPU.Build.0 = Debug|Any CPU
		{73C6A128-48E9-248C-D719-1C8EC8BEF23A}.Release|Any CPU.ActiveCfg = Release|Any CPU
		{73C6A128-48E9-248C-D719-1C8EC8BEF23A}.Release|Any CPU.Build.0 = Release|Any CPU
		{AD99EAA9-1A82-AF6F-4BE9-B7D5AB2BAF4D}.Debug|Any CPU.ActiveCfg = Debug|Any CPU
		{AD99EAA9-1A82-AF6F-4BE9-B7D5AB2BAF4D}.Debug|Any CPU.Build.0 = Debug|Any CPU
		{AD99EAA9-1A82-AF6F-4BE9-B7D5AB2BAF4D}.Release|Any CPU.ActiveCfg = Release|Any CPU
		{AD99EAA9-1A82-AF6F-4BE9-B7D5AB2BAF4D}.Release|Any CPU.Build.0 = Release|Any CPU
		{13DC961B-EF3E-D730-7F56-298D4E24538F}.Debug|Any CPU.ActiveCfg = Debug|Any CPU
		{13DC961B-EF3E-D730-7F56-298D4E24538F}.Debug|Any CPU.Build.0 = Debug|Any CPU
		{13DC961B-EF3E-D730-7F56-298D4E24538F}.Release|Any CPU.ActiveCfg = Release|Any CPU
		{13DC961B-EF3E-D730-7F56-298D4E24538F}.Release|Any CPU.Build.0 = Release|Any CPU
		{B42C9975-0FC6-1FEE-67C3-EA3DDFC0C64E}.Debug|Any CPU.ActiveCfg = Debug|Any CPU
		{B42C9975-0FC6-1FEE-67C3-EA3DDFC0C64E}.Debug|Any CPU.Build.0 = Debug|Any CPU
		{B42C9975-0FC6-1FEE-67C3-EA3DDFC0C64E}.Release|Any CPU.ActiveCfg = Release|Any CPU
		{B42C9975-0FC6-1FEE-67C3-EA3DDFC0C64E}.Release|Any CPU.Build.0 = Release|Any CPU
		{B7BF1534-E128-6702-E485-81153C481D87}.Debug|Any CPU.ActiveCfg = Debug|Any CPU
		{B7BF1534-E128-6702-E485-81153C481D87}.Debug|Any CPU.Build.0 = Debug|Any CPU
		{B7BF1534-E128-6702-E485-81153C481D87}.Release|Any CPU.ActiveCfg = Release|Any CPU
		{B7BF1534-E128-6702-E485-81153C481D87}.Release|Any CPU.Build.0 = Release|Any CPU
		{287D2396-97EC-9ED4-0AC0-E818B2AB4AE7}.Debug|Any CPU.ActiveCfg = Debug|Any CPU
		{287D2396-97EC-9ED4-0AC0-E818B2AB4AE7}.Debug|Any CPU.Build.0 = Debug|Any CPU
		{287D2396-97EC-9ED4-0AC0-E818B2AB4AE7}.Release|Any CPU.ActiveCfg = Release|Any CPU
		{287D2396-97EC-9ED4-0AC0-E818B2AB4AE7}.Release|Any CPU.Build.0 = Release|Any CPU
		{247EBF61-8156-20EC-8AD1-266C9D07E03F}.Debug|Any CPU.ActiveCfg = Debug|Any CPU
		{247EBF61-8156-20EC-8AD1-266C9D07E03F}.Debug|Any CPU.Build.0 = Debug|Any CPU
		{247EBF61-8156-20EC-8AD1-266C9D07E03F}.Release|Any CPU.ActiveCfg = Release|Any CPU
		{247EBF61-8156-20EC-8AD1-266C9D07E03F}.Release|Any CPU.Build.0 = Release|Any CPU
		{27954F00-F751-AE10-80F7-6DAF6C2D1CAC}.Debug|Any CPU.ActiveCfg = Debug|Any CPU
		{27954F00-F751-AE10-80F7-6DAF6C2D1CAC}.Debug|Any CPU.Build.0 = Debug|Any CPU
		{27954F00-F751-AE10-80F7-6DAF6C2D1CAC}.Release|Any CPU.ActiveCfg = Release|Any CPU
		{27954F00-F751-AE10-80F7-6DAF6C2D1CAC}.Release|Any CPU.Build.0 = Release|Any CPU
		{C31034C8-B962-3790-A87E-201F601AC360}.Debug|Any CPU.ActiveCfg = Debug|Any CPU
		{C31034C8-B962-3790-A87E-201F601AC360}.Debug|Any CPU.Build.0 = Debug|Any CPU
		{C31034C8-B962-3790-A87E-201F601AC360}.Release|Any CPU.ActiveCfg = Release|Any CPU
		{C31034C8-B962-3790-A87E-201F601AC360}.Release|Any CPU.Build.0 = Release|Any CPU
		{6EF58770-9C78-9B9F-0A3B-4FCE7ACA396F}.Debug|Any CPU.ActiveCfg = Debug|Any CPU
		{6EF58770-9C78-9B9F-0A3B-4FCE7ACA396F}.Debug|Any CPU.Build.0 = Debug|Any CPU
		{6EF58770-9C78-9B9F-0A3B-4FCE7ACA396F}.Release|Any CPU.ActiveCfg = Release|Any CPU
		{6EF58770-9C78-9B9F-0A3B-4FCE7ACA396F}.Release|Any CPU.Build.0 = Release|Any CPU
		{DC5AE9C2-3F37-D26D-0A1E-BE88D0C7E0DD}.Debug|Any CPU.ActiveCfg = Debug|Any CPU
		{DC5AE9C2-3F37-D26D-0A1E-BE88D0C7E0DD}.Debug|Any CPU.Build.0 = Debug|Any CPU
		{DC5AE9C2-3F37-D26D-0A1E-BE88D0C7E0DD}.Release|Any CPU.ActiveCfg = Release|Any CPU
		{DC5AE9C2-3F37-D26D-0A1E-BE88D0C7E0DD}.Release|Any CPU.Build.0 = Release|Any CPU
		{A308E784-FDF8-7007-01D3-1EC82E53C5AA}.Debug|Any CPU.ActiveCfg = Debug|Any CPU
		{A308E784-FDF8-7007-01D3-1EC82E53C5AA}.Debug|Any CPU.Build.0 = Debug|Any CPU
		{A308E784-FDF8-7007-01D3-1EC82E53C5AA}.Release|Any CPU.ActiveCfg = Release|Any CPU
		{A308E784-FDF8-7007-01D3-1EC82E53C5AA}.Release|Any CPU.Build.0 = Release|Any CPU
		{370322A7-A719-624F-301A-562657B3EFD1}.Debug|Any CPU.ActiveCfg = Debug|Any CPU
		{370322A7-A719-624F-301A-562657B3EFD1}.Debug|Any CPU.Build.0 = Debug|Any CPU
		{370322A7-A719-624F-301A-562657B3EFD1}.Release|Any CPU.ActiveCfg = Release|Any CPU
		{370322A7-A719-624F-301A-562657B3EFD1}.Release|Any CPU.Build.0 = Release|Any CPU
		{D1A69EBA-4735-137E-5406-672510AF36A9}.Debug|Any CPU.ActiveCfg = Debug|Any CPU
		{D1A69EBA-4735-137E-5406-672510AF36A9}.Debug|Any CPU.Build.0 = Debug|Any CPU
		{D1A69EBA-4735-137E-5406-672510AF36A9}.Release|Any CPU.ActiveCfg = Release|Any CPU
		{D1A69EBA-4735-137E-5406-672510AF36A9}.Release|Any CPU.Build.0 = Release|Any CPU
		{FF405B5E-6893-4D7E-F9E9-B5BD53514072}.Debug|Any CPU.ActiveCfg = Debug|Any CPU
		{FF405B5E-6893-4D7E-F9E9-B5BD53514072}.Debug|Any CPU.Build.0 = Debug|Any CPU
		{FF405B5E-6893-4D7E-F9E9-B5BD53514072}.Release|Any CPU.ActiveCfg = Release|Any CPU
		{FF405B5E-6893-4D7E-F9E9-B5BD53514072}.Release|Any CPU.Build.0 = Release|Any CPU
		{11A9AAEE-A0D0-729F-9240-D25F1CFB2874}.Debug|Any CPU.ActiveCfg = Debug|Any CPU
		{11A9AAEE-A0D0-729F-9240-D25F1CFB2874}.Debug|Any CPU.Build.0 = Debug|Any CPU
		{11A9AAEE-A0D0-729F-9240-D25F1CFB2874}.Release|Any CPU.ActiveCfg = Release|Any CPU
		{11A9AAEE-A0D0-729F-9240-D25F1CFB2874}.Release|Any CPU.Build.0 = Release|Any CPU
		{ED7FE6A5-2388-F56C-F7D5-91749CD83D0A}.Debug|Any CPU.ActiveCfg = Debug|Any CPU
		{ED7FE6A5-2388-F56C-F7D5-91749CD83D0A}.Debug|Any CPU.Build.0 = Debug|Any CPU
		{ED7FE6A5-2388-F56C-F7D5-91749CD83D0A}.Release|Any CPU.ActiveCfg = Release|Any CPU
		{ED7FE6A5-2388-F56C-F7D5-91749CD83D0A}.Release|Any CPU.Build.0 = Release|Any CPU
		{C581106A-0E47-B19A-0AC6-64AF4CCF7DDB}.Debug|Any CPU.ActiveCfg = Debug|Any CPU
		{C581106A-0E47-B19A-0AC6-64AF4CCF7DDB}.Debug|Any CPU.Build.0 = Debug|Any CPU
		{C581106A-0E47-B19A-0AC6-64AF4CCF7DDB}.Release|Any CPU.ActiveCfg = Release|Any CPU
		{C581106A-0E47-B19A-0AC6-64AF4CCF7DDB}.Release|Any CPU.Build.0 = Release|Any CPU
		{9F174934-165A-0B99-A449-EB83923346CA}.Debug|Any CPU.ActiveCfg = Debug|Any CPU
		{9F174934-165A-0B99-A449-EB83923346CA}.Debug|Any CPU.Build.0 = Debug|Any CPU
		{9F174934-165A-0B99-A449-EB83923346CA}.Release|Any CPU.ActiveCfg = Release|Any CPU
		{9F174934-165A-0B99-A449-EB83923346CA}.Release|Any CPU.Build.0 = Release|Any CPU
		{9B12E17F-3FB2-D7E0-9B60-549FB89887B2}.Debug|Any CPU.ActiveCfg = Debug|Any CPU
		{9B12E17F-3FB2-D7E0-9B60-549FB89887B2}.Debug|Any CPU.Build.0 = Debug|Any CPU
		{9B12E17F-3FB2-D7E0-9B60-549FB89887B2}.Release|Any CPU.ActiveCfg = Release|Any CPU
		{9B12E17F-3FB2-D7E0-9B60-549FB89887B2}.Release|Any CPU.Build.0 = Release|Any CPU
		{F3150217-6064-BACD-DE29-49648565CFC5}.Debug|Any CPU.ActiveCfg = Debug|Any CPU
		{F3150217-6064-BACD-DE29-49648565CFC5}.Debug|Any CPU.Build.0 = Debug|Any CPU
		{F3150217-6064-BACD-DE29-49648565CFC5}.Release|Any CPU.ActiveCfg = Release|Any CPU
		{F3150217-6064-BACD-DE29-49648565CFC5}.Release|Any CPU.Build.0 = Release|Any CPU
		{CCDBF7AB-2881-4E9E-08C0-73CD369923D5}.Debug|Any CPU.ActiveCfg = Debug|Any CPU
		{CCDBF7AB-2881-4E9E-08C0-73CD369923D5}.Debug|Any CPU.Build.0 = Debug|Any CPU
		{CCDBF7AB-2881-4E9E-08C0-73CD369923D5}.Release|Any CPU.ActiveCfg = Release|Any CPU
		{CCDBF7AB-2881-4E9E-08C0-73CD369923D5}.Release|Any CPU.Build.0 = Release|Any CPU
		{7AB3881B-ECE1-B9D3-8AF0-BF95FFE8884D}.Debug|Any CPU.ActiveCfg = Debug|Any CPU
		{7AB3881B-ECE1-B9D3-8AF0-BF95FFE8884D}.Debug|Any CPU.Build.0 = Debug|Any CPU
		{7AB3881B-ECE1-B9D3-8AF0-BF95FFE8884D}.Release|Any CPU.ActiveCfg = Release|Any CPU
		{7AB3881B-ECE1-B9D3-8AF0-BF95FFE8884D}.Release|Any CPU.Build.0 = Release|Any CPU
		{1281883B-439C-7F5D-4F5F-3FD42354BEAE}.Debug|Any CPU.ActiveCfg = Debug|Any CPU
		{1281883B-439C-7F5D-4F5F-3FD42354BEAE}.Debug|Any CPU.Build.0 = Debug|Any CPU
		{1281883B-439C-7F5D-4F5F-3FD42354BEAE}.Release|Any CPU.ActiveCfg = Release|Any CPU
		{1281883B-439C-7F5D-4F5F-3FD42354BEAE}.Release|Any CPU.Build.0 = Release|Any CPU
		{53CD7EEF-7864-4ED4-A171-A8A9C18DE04B}.Debug|Any CPU.ActiveCfg = Debug|Any CPU
		{53CD7EEF-7864-4ED4-A171-A8A9C18DE04B}.Debug|Any CPU.Build.0 = Debug|Any CPU
		{53CD7EEF-7864-4ED4-A171-A8A9C18DE04B}.Release|Any CPU.ActiveCfg = Release|Any CPU
		{53CD7EEF-7864-4ED4-A171-A8A9C18DE04B}.Release|Any CPU.Build.0 = Release|Any CPU
		{EA945D58-7E58-2997-3680-60652D068D5B}.Debug|Any CPU.ActiveCfg = Debug|Any CPU
		{EA945D58-7E58-2997-3680-60652D068D5B}.Debug|Any CPU.Build.0 = Debug|Any CPU
		{EA945D58-7E58-2997-3680-60652D068D5B}.Release|Any CPU.ActiveCfg = Release|Any CPU
		{EA945D58-7E58-2997-3680-60652D068D5B}.Release|Any CPU.Build.0 = Release|Any CPU
	EndGlobalSection
	GlobalSection(SolutionProperties) = preSolution
		HideSolutionNode = FALSE
	EndGlobalSection
EndGlobal
